// !$*UTF8*$!
{
	archiveVersion = 1;
	classes = {
	};
	objectVersion = 55;
	objects = {

/* Begin PBXBuildFile section */
		2525C8B82851BA5D00F72C1D /* MovieDetailView.swift in Sources */ = {isa = PBXBuildFile; fileRef = 2525C8B72851BA5D00F72C1D /* MovieDetailView.swift */; };
		2525C8BA2851BA6900F72C1D /* MovieDetailState.swift in Sources */ = {isa = PBXBuildFile; fileRef = 2525C8B92851BA6900F72C1D /* MovieDetailState.swift */; };
		25BFF19D28521A3C00701FB1 /* RatingView.swift in Sources */ = {isa = PBXBuildFile; fileRef = 25BFF19C28521A3C00701FB1 /* RatingView.swift */; };
		25C85DB7284C67FC001B9BCD /* TmdbApp.swift in Sources */ = {isa = PBXBuildFile; fileRef = 25C85DB6284C67FC001B9BCD /* TmdbApp.swift */; };
		25C85DB9284C67FC001B9BCD /* ContentView.swift in Sources */ = {isa = PBXBuildFile; fileRef = 25C85DB8284C67FC001B9BCD /* ContentView.swift */; };
		25C85DBB284C67FE001B9BCD /* Assets.xcassets in Resources */ = {isa = PBXBuildFile; fileRef = 25C85DBA284C67FE001B9BCD /* Assets.xcassets */; };
		25C85DBE284C67FE001B9BCD /* Preview Assets.xcassets in Resources */ = {isa = PBXBuildFile; fileRef = 25C85DBD284C67FE001B9BCD /* Preview Assets.xcassets */; };
		25C85DCC284C7873001B9BCD /* MovieListView.swift in Sources */ = {isa = PBXBuildFile; fileRef = 25C85DCB284C7873001B9BCD /* MovieListView.swift */; };
		25C85DCE284C78E2001B9BCD /* SearchMoviesView.swift in Sources */ = {isa = PBXBuildFile; fileRef = 25C85DCD284C78E2001B9BCD /* SearchMoviesView.swift */; };
		25C85DDC284C7F46001B9BCD /* NetworkMovie.swift in Sources */ = {isa = PBXBuildFile; fileRef = 25C85DDB284C7F46001B9BCD /* NetworkMovie.swift */; };
		25C85DE1284C806F001B9BCD /* NetworkResult.swift in Sources */ = {isa = PBXBuildFile; fileRef = 25C85DE0284C806F001B9BCD /* NetworkResult.swift */; };
		25C85DE3284C80A8001B9BCD /* NetworkError.swift in Sources */ = {isa = PBXBuildFile; fileRef = 25C85DE2284C80A8001B9BCD /* NetworkError.swift */; };
		25C85DE5284C8519001B9BCD /* movie_list.json in Resources */ = {isa = PBXBuildFile; fileRef = 25C85DE4284C8519001B9BCD /* movie_list.json */; };
		25C85DEA284C9071001B9BCD /* BundleUtils.swift in Sources */ = {isa = PBXBuildFile; fileRef = 25C85DE9284C9071001B9BCD /* BundleUtils.swift */; };
		25C85DEC284C917E001B9BCD /* Utils.swift in Sources */ = {isa = PBXBuildFile; fileRef = 25C85DEB284C917E001B9BCD /* Utils.swift */; };
		25C85DEF284CA87B001B9BCD /* LoadingImage.swift in Sources */ = {isa = PBXBuildFile; fileRef = 25C85DEE284CA87B001B9BCD /* LoadingImage.swift */; };
		25C85DF4284CB17C001B9BCD /* TmdbWebService.swift in Sources */ = {isa = PBXBuildFile; fileRef = 25C85DF3284CB17C001B9BCD /* TmdbWebService.swift */; };
		25C85DF6284CB18B001B9BCD /* TmdbEndpoints.swift in Sources */ = {isa = PBXBuildFile; fileRef = 25C85DF5284CB18B001B9BCD /* TmdbEndpoints.swift */; };
		25C85DF8284CC576001B9BCD /* MovieWebServices.swift in Sources */ = {isa = PBXBuildFile; fileRef = 25C85DF7284CC575001B9BCD /* MovieWebServices.swift */; };
		25C85DFB284CC5D0001B9BCD /* MovieCategory.swift in Sources */ = {isa = PBXBuildFile; fileRef = 25C85DFA284CC5D0001B9BCD /* MovieCategory.swift */; };
		25C85DFF284CCBE3001B9BCD /* MovieListState.swift in Sources */ = {isa = PBXBuildFile; fileRef = 25C85DFE284CCBE3001B9BCD /* MovieListState.swift */; };
/* End PBXBuildFile section */

/* Begin PBXFileReference section */
		2525C8B72851BA5D00F72C1D /* MovieDetailView.swift */ = {isa = PBXFileReference; lastKnownFileType = sourcecode.swift; path = MovieDetailView.swift; sourceTree = "<group>"; };
		2525C8B92851BA6900F72C1D /* MovieDetailState.swift */ = {isa = PBXFileReference; lastKnownFileType = sourcecode.swift; path = MovieDetailState.swift; sourceTree = "<group>"; };
		25BFF19C28521A3C00701FB1 /* RatingView.swift */ = {isa = PBXFileReference; lastKnownFileType = sourcecode.swift; path = RatingView.swift; sourceTree = "<group>"; };
		25C85DB3284C67FC001B9BCD /* Tmdb.app */ = {isa = PBXFileReference; explicitFileType = wrapper.application; includeInIndex = 0; path = Tmdb.app; sourceTree = BUILT_PRODUCTS_DIR; };
		25C85DB6284C67FC001B9BCD /* TmdbApp.swift */ = {isa = PBXFileReference; lastKnownFileType = sourcecode.swift; path = TmdbApp.swift; sourceTree = "<group>"; };
		25C85DB8284C67FC001B9BCD /* ContentView.swift */ = {isa = PBXFileReference; lastKnownFileType = sourcecode.swift; path = ContentView.swift; sourceTree = "<group>"; };
		25C85DBA284C67FE001B9BCD /* Assets.xcassets */ = {isa = PBXFileReference; lastKnownFileType = folder.assetcatalog; path = Assets.xcassets; sourceTree = "<group>"; };
		25C85DBD284C67FE001B9BCD /* Preview Assets.xcassets */ = {isa = PBXFileReference; lastKnownFileType = folder.assetcatalog; path = "Preview Assets.xcassets"; sourceTree = "<group>"; };
		25C85DCB284C7873001B9BCD /* MovieListView.swift */ = {isa = PBXFileReference; lastKnownFileType = sourcecode.swift; path = MovieListView.swift; sourceTree = "<group>"; };
		25C85DCD284C78E2001B9BCD /* SearchMoviesView.swift */ = {isa = PBXFileReference; lastKnownFileType = sourcecode.swift; path = SearchMoviesView.swift; sourceTree = "<group>"; };
		25C85DDB284C7F46001B9BCD /* NetworkMovie.swift */ = {isa = PBXFileReference; lastKnownFileType = sourcecode.swift; path = NetworkMovie.swift; sourceTree = "<group>"; };
		25C85DE0284C806F001B9BCD /* NetworkResult.swift */ = {isa = PBXFileReference; lastKnownFileType = sourcecode.swift; path = NetworkResult.swift; sourceTree = "<group>"; };
		25C85DE2284C80A8001B9BCD /* NetworkError.swift */ = {isa = PBXFileReference; lastKnownFileType = sourcecode.swift; path = NetworkError.swift; sourceTree = "<group>"; };
		25C85DE4284C8519001B9BCD /* movie_list.json */ = {isa = PBXFileReference; lastKnownFileType = text.json; path = movie_list.json; sourceTree = "<group>"; };
		25C85DE9284C9071001B9BCD /* BundleUtils.swift */ = {isa = PBXFileReference; lastKnownFileType = sourcecode.swift; path = BundleUtils.swift; sourceTree = "<group>"; };
		25C85DEB284C917E001B9BCD /* Utils.swift */ = {isa = PBXFileReference; lastKnownFileType = sourcecode.swift; path = Utils.swift; sourceTree = "<group>"; };
		25C85DEE284CA87B001B9BCD /* LoadingImage.swift */ = {isa = PBXFileReference; lastKnownFileType = sourcecode.swift; path = LoadingImage.swift; sourceTree = "<group>"; };
		25C85DF3284CB17C001B9BCD /* TmdbWebService.swift */ = {isa = PBXFileReference; lastKnownFileType = sourcecode.swift; path = TmdbWebService.swift; sourceTree = "<group>"; };
		25C85DF5284CB18B001B9BCD /* TmdbEndpoints.swift */ = {isa = PBXFileReference; lastKnownFileType = sourcecode.swift; path = TmdbEndpoints.swift; sourceTree = "<group>"; };
		25C85DF7284CC575001B9BCD /* MovieWebServices.swift */ = {isa = PBXFileReference; lastKnownFileType = sourcecode.swift; path = MovieWebServices.swift; sourceTree = "<group>"; };
		25C85DFA284CC5D0001B9BCD /* MovieCategory.swift */ = {isa = PBXFileReference; lastKnownFileType = sourcecode.swift; path = MovieCategory.swift; sourceTree = "<group>"; };
		25C85DFE284CCBE3001B9BCD /* MovieListState.swift */ = {isa = PBXFileReference; lastKnownFileType = sourcecode.swift; path = MovieListState.swift; sourceTree = "<group>"; };
/* End PBXFileReference section */

/* Begin PBXFrameworksBuildPhase section */
		25C85DB0284C67FC001B9BCD /* Frameworks */ = {
			isa = PBXFrameworksBuildPhase;
			buildActionMask = 2147483647;
			files = (
			);
			runOnlyForDeploymentPostprocessing = 0;
		};
/* End PBXFrameworksBuildPhase section */

/* Begin PBXGroup section */
		2525C8B62851BA0900F72C1D /* UiMovieDetail */ = {
			isa = PBXGroup;
			children = (
				2525C8B72851BA5D00F72C1D /* MovieDetailView.swift */,
				2525C8B92851BA6900F72C1D /* MovieDetailState.swift */,
			);
			path = UiMovieDetail;
			sourceTree = "<group>";
		};
		25C85DAA284C67FC001B9BCD = {
			isa = PBXGroup;
			children = (
				25C85DED284CA856001B9BCD /* CommonUiResources */,
				25C85DDD284C7F61001B9BCD /* Core */,
				25C85DC9284C70F5001B9BCD /* Data */,
				25C85DB4284C67FC001B9BCD /* Products */,
				25C85DC4284C6FF7001B9BCD /* Resources */,
				25C85DB5284C67FC001B9BCD /* Tmdb */,
				2525C8B62851BA0900F72C1D /* UiMovieDetail */,
				25C85DC6284C707A001B9BCD /* UiMovieList */,
				25C85DC7284C708A001B9BCD /* UiMovieSearch */,
			);
			sourceTree = "<group>";
		};
		25C85DB4284C67FC001B9BCD /* Products */ = {
			isa = PBXGroup;
			children = (
				25C85DB3284C67FC001B9BCD /* Tmdb.app */,
			);
			name = Products;
			sourceTree = "<group>";
		};
		25C85DB5284C67FC001B9BCD /* Tmdb */ = {
			isa = PBXGroup;
			children = (
				25C85DB6284C67FC001B9BCD /* TmdbApp.swift */,
				25C85DB8284C67FC001B9BCD /* ContentView.swift */,
				25C85DBA284C67FE001B9BCD /* Assets.xcassets */,
				25C85DBC284C67FE001B9BCD /* Preview Content */,
			);
			path = Tmdb;
			sourceTree = "<group>";
		};
		25C85DBC284C67FE001B9BCD /* Preview Content */ = {
			isa = PBXGroup;
			children = (
				25C85DBD284C67FE001B9BCD /* Preview Assets.xcassets */,
			);
			path = "Preview Content";
			sourceTree = "<group>";
		};
		25C85DC4284C6FF7001B9BCD /* Resources */ = {
			isa = PBXGroup;
			children = (
				25C85DE4284C8519001B9BCD /* movie_list.json */,
			);
			path = Resources;
			sourceTree = "<group>";
		};
		25C85DC6284C707A001B9BCD /* UiMovieList */ = {
			isa = PBXGroup;
			children = (
				25C85DCB284C7873001B9BCD /* MovieListView.swift */,
				25C85DFE284CCBE3001B9BCD /* MovieListState.swift */,
			);
			path = UiMovieList;
			sourceTree = "<group>";
		};
		25C85DC7284C708A001B9BCD /* UiMovieSearch */ = {
			isa = PBXGroup;
			children = (
				25C85DCD284C78E2001B9BCD /* SearchMoviesView.swift */,
			);
			path = UiMovieSearch;
			sourceTree = "<group>";
		};
		25C85DC9284C70F5001B9BCD /* Data */ = {
			isa = PBXGroup;
			children = (
				25C85DD7284C7F16001B9BCD /* movies */,
				25C85DD6284C7F0F001B9BCD /* search */,
			);
			path = Data;
			sourceTree = "<group>";
		};
		25C85DD6284C7F0F001B9BCD /* search */ = {
			isa = PBXGroup;
			children = (
			);
			path = search;
			sourceTree = "<group>";
		};
		25C85DD7284C7F16001B9BCD /* movies */ = {
			isa = PBXGroup;
			children = (
				25C85DDA284C7F2C001B9BCD /* model */,
				25C85DD9284C7F25001B9BCD /* network */,
				25C85DD8284C7F1D001B9BCD /* local */,
			);
			path = movies;
			sourceTree = "<group>";
		};
		25C85DD8284C7F1D001B9BCD /* local */ = {
			isa = PBXGroup;
			children = (
			);
			path = local;
			sourceTree = "<group>";
		};
		25C85DD9284C7F25001B9BCD /* network */ = {
			isa = PBXGroup;
			children = (
				25C85DF7284CC575001B9BCD /* MovieWebServices.swift */,
				25C85DFA284CC5D0001B9BCD /* MovieCategory.swift */,
			);
			path = network;
			sourceTree = "<group>";
		};
		25C85DDA284C7F2C001B9BCD /* model */ = {
			isa = PBXGroup;
			children = (
				25C85DDB284C7F46001B9BCD /* NetworkMovie.swift */,
			);
			path = model;
			sourceTree = "<group>";
		};
		25C85DDD284C7F61001B9BCD /* Core */ = {
			isa = PBXGroup;
			children = (
				25C85DE8284C901B001B9BCD /* utils */,
				25C85DE6284C8FB6001B9BCD /* network */,
			);
			path = Core;
			sourceTree = "<group>";
		};
		25C85DE6284C8FB6001B9BCD /* network */ = {
			isa = PBXGroup;
			children = (
				25C85DF2284CB16C001B9BCD /* tmdb */,
				25C85DE7284C8FC3001B9BCD /* models */,
			);
			path = network;
			sourceTree = "<group>";
		};
		25C85DE7284C8FC3001B9BCD /* models */ = {
			isa = PBXGroup;
			children = (
				25C85DE0284C806F001B9BCD /* NetworkResult.swift */,
				25C85DE2284C80A8001B9BCD /* NetworkError.swift */,
			);
			path = models;
			sourceTree = "<group>";
		};
		25C85DE8284C901B001B9BCD /* utils */ = {
			isa = PBXGroup;
			children = (
				25C85DE9284C9071001B9BCD /* BundleUtils.swift */,
				25C85DEB284C917E001B9BCD /* Utils.swift */,
			);
			path = utils;
			sourceTree = "<group>";
		};
		25C85DED284CA856001B9BCD /* CommonUiResources */ = {
			isa = PBXGroup;
			children = (
				25C85DEE284CA87B001B9BCD /* LoadingImage.swift */,
				25BFF19C28521A3C00701FB1 /* RatingView.swift */,
			);
			path = CommonUiResources;
			sourceTree = "<group>";
		};
		25C85DF2284CB16C001B9BCD /* tmdb */ = {
			isa = PBXGroup;
			children = (
				25C85DF3284CB17C001B9BCD /* TmdbWebService.swift */,
				25C85DF5284CB18B001B9BCD /* TmdbEndpoints.swift */,
			);
			path = tmdb;
			sourceTree = "<group>";
		};
/* End PBXGroup section */

/* Begin PBXNativeTarget section */
		25C85DB2284C67FC001B9BCD /* Tmdb */ = {
			isa = PBXNativeTarget;
			buildConfigurationList = 25C85DC1284C67FE001B9BCD /* Build configuration list for PBXNativeTarget "Tmdb" */;
			buildPhases = (
				25C85DAF284C67FC001B9BCD /* Sources */,
				25C85DB0284C67FC001B9BCD /* Frameworks */,
				25C85DB1284C67FC001B9BCD /* Resources */,
			);
			buildRules = (
			);
			dependencies = (
			);
			name = Tmdb;
			productName = Tmdb;
			productReference = 25C85DB3284C67FC001B9BCD /* Tmdb.app */;
			productType = "com.apple.product-type.application";
		};
/* End PBXNativeTarget section */

/* Begin PBXProject section */
		25C85DAB284C67FC001B9BCD /* Project object */ = {
			isa = PBXProject;
			attributes = {
				BuildIndependentTargetsInParallel = 1;
				LastSwiftUpdateCheck = 1340;
				LastUpgradeCheck = 1340;
				TargetAttributes = {
					25C85DB2284C67FC001B9BCD = {
						CreatedOnToolsVersion = 13.4;
					};
				};
			};
			buildConfigurationList = 25C85DAE284C67FC001B9BCD /* Build configuration list for PBXProject "Tmdb" */;
			compatibilityVersion = "Xcode 13.0";
			developmentRegion = en;
			hasScannedForEncodings = 0;
			knownRegions = (
				en,
				Base,
			);
			mainGroup = 25C85DAA284C67FC001B9BCD;
			productRefGroup = 25C85DB4284C67FC001B9BCD /* Products */;
			projectDirPath = "";
			projectRoot = "";
			targets = (
				25C85DB2284C67FC001B9BCD /* Tmdb */,
			);
		};
/* End PBXProject section */

/* Begin PBXResourcesBuildPhase section */
		25C85DB1284C67FC001B9BCD /* Resources */ = {
			isa = PBXResourcesBuildPhase;
			buildActionMask = 2147483647;
			files = (
				25C85DBE284C67FE001B9BCD /* Preview Assets.xcassets in Resources */,
				25C85DE5284C8519001B9BCD /* movie_list.json in Resources */,
				25C85DBB284C67FE001B9BCD /* Assets.xcassets in Resources */,
			);
			runOnlyForDeploymentPostprocessing = 0;
		};
/* End PBXResourcesBuildPhase section */

/* Begin PBXSourcesBuildPhase section */
		25C85DAF284C67FC001B9BCD /* Sources */ = {
			isa = PBXSourcesBuildPhase;
			buildActionMask = 2147483647;
			files = (
				2525C8BA2851BA6900F72C1D /* MovieDetailState.swift in Sources */,
				25C85DEA284C9071001B9BCD /* BundleUtils.swift in Sources */,
				25C85DF6284CB18B001B9BCD /* TmdbEndpoints.swift in Sources */,
				25BFF19D28521A3C00701FB1 /* RatingView.swift in Sources */,
				25C85DFF284CCBE3001B9BCD /* MovieListState.swift in Sources */,
				25C85DB9284C67FC001B9BCD /* ContentView.swift in Sources */,
				25C85DE3284C80A8001B9BCD /* NetworkError.swift in Sources */,
				25C85DDC284C7F46001B9BCD /* NetworkMovie.swift in Sources */,
				25C85DF8284CC576001B9BCD /* MovieWebServices.swift in Sources */,
				25C85DEF284CA87B001B9BCD /* LoadingImage.swift in Sources */,
				25C85DF4284CB17C001B9BCD /* TmdbWebService.swift in Sources */,
				25C85DFB284CC5D0001B9BCD /* MovieCategory.swift in Sources */,
				25C85DCE284C78E2001B9BCD /* SearchMoviesView.swift in Sources */,
				25C85DEC284C917E001B9BCD /* Utils.swift in Sources */,
				25C85DB7284C67FC001B9BCD /* TmdbApp.swift in Sources */,
				25C85DCC284C7873001B9BCD /* MovieListView.swift in Sources */,
				2525C8B82851BA5D00F72C1D /* MovieDetailView.swift in Sources */,
				25C85DE1284C806F001B9BCD /* NetworkResult.swift in Sources */,
			);
			runOnlyForDeploymentPostprocessing = 0;
		};
/* End PBXSourcesBuildPhase section */

/* Begin XCBuildConfiguration section */
		25C85DBF284C67FE001B9BCD /* Debug */ = {
			isa = XCBuildConfiguration;
			buildSettings = {
				ALWAYS_SEARCH_USER_PATHS = NO;
				CLANG_ANALYZER_NONNULL = YES;
				CLANG_ANALYZER_NUMBER_OBJECT_CONVERSION = YES_AGGRESSIVE;
				CLANG_CXX_LANGUAGE_STANDARD = "gnu++17";
				CLANG_ENABLE_MODULES = YES;
				CLANG_ENABLE_OBJC_ARC = YES;
				CLANG_ENABLE_OBJC_WEAK = YES;
				CLANG_WARN_BLOCK_CAPTURE_AUTORELEASING = YES;
				CLANG_WARN_BOOL_CONVERSION = YES;
				CLANG_WARN_COMMA = YES;
				CLANG_WARN_CONSTANT_CONVERSION = YES;
				CLANG_WARN_DEPRECATED_OBJC_IMPLEMENTATIONS = YES;
				CLANG_WARN_DIRECT_OBJC_ISA_USAGE = YES_ERROR;
				CLANG_WARN_DOCUMENTATION_COMMENTS = YES;
				CLANG_WARN_EMPTY_BODY = YES;
				CLANG_WARN_ENUM_CONVERSION = YES;
				CLANG_WARN_INFINITE_RECURSION = YES;
				CLANG_WARN_INT_CONVERSION = YES;
				CLANG_WARN_NON_LITERAL_NULL_CONVERSION = YES;
				CLANG_WARN_OBJC_IMPLICIT_RETAIN_SELF = YES;
				CLANG_WARN_OBJC_LITERAL_CONVERSION = YES;
				CLANG_WARN_OBJC_ROOT_CLASS = YES_ERROR;
				CLANG_WARN_QUOTED_INCLUDE_IN_FRAMEWORK_HEADER = YES;
				CLANG_WARN_RANGE_LOOP_ANALYSIS = YES;
				CLANG_WARN_STRICT_PROTOTYPES = YES;
				CLANG_WARN_SUSPICIOUS_MOVE = YES;
				CLANG_WARN_UNGUARDED_AVAILABILITY = YES_AGGRESSIVE;
				CLANG_WARN_UNREACHABLE_CODE = YES;
				CLANG_WARN__DUPLICATE_METHOD_MATCH = YES;
				COPY_PHASE_STRIP = NO;
				DEBUG_INFORMATION_FORMAT = dwarf;
				ENABLE_STRICT_OBJC_MSGSEND = YES;
				ENABLE_TESTABILITY = YES;
				GCC_C_LANGUAGE_STANDARD = gnu11;
				GCC_DYNAMIC_NO_PIC = NO;
				GCC_NO_COMMON_BLOCKS = YES;
				GCC_OPTIMIZATION_LEVEL = 0;
				GCC_PREPROCESSOR_DEFINITIONS = (
					"DEBUG=1",
					"$(inherited)",
				);
				GCC_WARN_64_TO_32_BIT_CONVERSION = YES;
				GCC_WARN_ABOUT_RETURN_TYPE = YES_ERROR;
				GCC_WARN_UNDECLARED_SELECTOR = YES;
				GCC_WARN_UNINITIALIZED_AUTOS = YES_AGGRESSIVE;
				GCC_WARN_UNUSED_FUNCTION = YES;
				GCC_WARN_UNUSED_VARIABLE = YES;
				IPHONEOS_DEPLOYMENT_TARGET = 15.5;
				MTL_ENABLE_DEBUG_INFO = INCLUDE_SOURCE;
				MTL_FAST_MATH = YES;
				ONLY_ACTIVE_ARCH = YES;
				SDKROOT = iphoneos;
				SWIFT_ACTIVE_COMPILATION_CONDITIONS = DEBUG;
				SWIFT_OPTIMIZATION_LEVEL = "-Onone";
			};
			name = Debug;
		};
		25C85DC0284C67FE001B9BCD /* Release */ = {
			isa = XCBuildConfiguration;
			buildSettings = {
				ALWAYS_SEARCH_USER_PATHS = NO;
				CLANG_ANALYZER_NONNULL = YES;
				CLANG_ANALYZER_NUMBER_OBJECT_CONVERSION = YES_AGGRESSIVE;
				CLANG_CXX_LANGUAGE_STANDARD = "gnu++17";
				CLANG_ENABLE_MODULES = YES;
				CLANG_ENABLE_OBJC_ARC = YES;
				CLANG_ENABLE_OBJC_WEAK = YES;
				CLANG_WARN_BLOCK_CAPTURE_AUTORELEASING = YES;
				CLANG_WARN_BOOL_CONVERSION = YES;
				CLANG_WARN_COMMA = YES;
				CLANG_WARN_CONSTANT_CONVERSION = YES;
				CLANG_WARN_DEPRECATED_OBJC_IMPLEMENTATIONS = YES;
				CLANG_WARN_DIRECT_OBJC_ISA_USAGE = YES_ERROR;
				CLANG_WARN_DOCUMENTATION_COMMENTS = YES;
				CLANG_WARN_EMPTY_BODY = YES;
				CLANG_WARN_ENUM_CONVERSION = YES;
				CLANG_WARN_INFINITE_RECURSION = YES;
				CLANG_WARN_INT_CONVERSION = YES;
				CLANG_WARN_NON_LITERAL_NULL_CONVERSION = YES;
				CLANG_WARN_OBJC_IMPLICIT_RETAIN_SELF = YES;
				CLANG_WARN_OBJC_LITERAL_CONVERSION = YES;
				CLANG_WARN_OBJC_ROOT_CLASS = YES_ERROR;
				CLANG_WARN_QUOTED_INCLUDE_IN_FRAMEWORK_HEADER = YES;
				CLANG_WARN_RANGE_LOOP_ANALYSIS = YES;
				CLANG_WARN_STRICT_PROTOTYPES = YES;
				CLANG_WARN_SUSPICIOUS_MOVE = YES;
				CLANG_WARN_UNGUARDED_AVAILABILITY = YES_AGGRESSIVE;
				CLANG_WARN_UNREACHABLE_CODE = YES;
				CLANG_WARN__DUPLICATE_METHOD_MATCH = YES;
				COPY_PHASE_STRIP = NO;
				DEBUG_INFORMATION_FORMAT = "dwarf-with-dsym";
				ENABLE_NS_ASSERTIONS = NO;
				ENABLE_STRICT_OBJC_MSGSEND = YES;
				GCC_C_LANGUAGE_STANDARD = gnu11;
				GCC_NO_COMMON_BLOCKS = YES;
				GCC_WARN_64_TO_32_BIT_CONVERSION = YES;
				GCC_WARN_ABOUT_RETURN_TYPE = YES_ERROR;
				GCC_WARN_UNDECLARED_SELECTOR = YES;
				GCC_WARN_UNINITIALIZED_AUTOS = YES_AGGRESSIVE;
				GCC_WARN_UNUSED_FUNCTION = YES;
				GCC_WARN_UNUSED_VARIABLE = YES;
				IPHONEOS_DEPLOYMENT_TARGET = 15.5;
				MTL_ENABLE_DEBUG_INFO = NO;
				MTL_FAST_MATH = YES;
				SDKROOT = iphoneos;
				SWIFT_COMPILATION_MODE = wholemodule;
				SWIFT_OPTIMIZATION_LEVEL = "-O";
				VALIDATE_PRODUCT = YES;
			};
			name = Release;
		};
		25C85DC2284C67FE001B9BCD /* Debug */ = {
			isa = XCBuildConfiguration;
			buildSettings = {
				ASSETCATALOG_COMPILER_APPICON_NAME = AppIcon;
				ASSETCATALOG_COMPILER_GLOBAL_ACCENT_COLOR_NAME = AccentColor;
				CODE_SIGN_STYLE = Automatic;
				CURRENT_PROJECT_VERSION = 1;
				DEVELOPMENT_ASSET_PATHS = "\"Tmdb/Preview Content\"";
				DEVELOPMENT_TEAM = XRBURAW4UP;
				ENABLE_PREVIEWS = YES;
				GENERATE_INFOPLIST_FILE = YES;
				INFOPLIST_KEY_UIApplicationSceneManifest_Generation = YES;
				INFOPLIST_KEY_UIApplicationSupportsIndirectInputEvents = YES;
				INFOPLIST_KEY_UILaunchScreen_Generation = YES;
				INFOPLIST_KEY_UISupportedInterfaceOrientations_iPad = "UIInterfaceOrientationPortrait UIInterfaceOrientationPortraitUpsideDown UIInterfaceOrientationLandscapeLeft UIInterfaceOrientationLandscapeRight";
				INFOPLIST_KEY_UISupportedInterfaceOrientations_iPhone = "UIInterfaceOrientationPortrait UIInterfaceOrientationLandscapeLeft UIInterfaceOrientationLandscapeRight";
				LD_RUNPATH_SEARCH_PATHS = (
					"$(inherited)",
					"@executable_path/Frameworks",
				);
				MARKETING_VERSION = 1.0;
				PRODUCT_BUNDLE_IDENTIFIER = com.mu.jan.Tmdb;
				PRODUCT_NAME = "$(TARGET_NAME)";
				SWIFT_EMIT_LOC_STRINGS = YES;
				SWIFT_VERSION = 5.0;
				TARGETED_DEVICE_FAMILY = "1,2";
			};
			name = Debug;
		};
		25C85DC3284C67FE001B9BCD /* Release */ = {
			isa = XCBuildConfiguration;
			buildSettings = {
				ASSETCATALOG_COMPILER_APPICON_NAME = AppIcon;
				ASSETCATALOG_COMPILER_GLOBAL_ACCENT_COLOR_NAME = AccentColor;
				CODE_SIGN_STYLE = Automatic;
				CURRENT_PROJECT_VERSION = 1;
				DEVELOPMENT_ASSET_PATHS = "\"Tmdb/Preview Content\"";
				DEVELOPMENT_TEAM = XRBURAW4UP;
				ENABLE_PREVIEWS = YES;
				GENERATE_INFOPLIST_FILE = YES;
				INFOPLIST_KEY_UIApplicationSceneManifest_Generation = YES;
				INFOPLIST_KEY_UIApplicationSupportsIndirectInputEvents = YES;
				INFOPLIST_KEY_UILaunchScreen_Generation = YES;
				INFOPLIST_KEY_UISupportedInterfaceOrientations_iPad = "UIInterfaceOrientationPortrait UIInterfaceOrientationPortraitUpsideDown UIInterfaceOrientationLandscapeLeft UIInterfaceOrientationLandscapeRight";
				INFOPLIST_KEY_UISupportedInterfaceOrientations_iPhone = "UIInterfaceOrientationPortrait UIInterfaceOrientationLandscapeLeft UIInterfaceOrientationLandscapeRight";
				LD_RUNPATH_SEARCH_PATHS = (
					"$(inherited)",
					"@executable_path/Frameworks",
				);
				MARKETING_VERSION = 1.0;
				PRODUCT_BUNDLE_IDENTIFIER = com.mu.jan.Tmdb;
				PRODUCT_NAME = "$(TARGET_NAME)";
				SWIFT_EMIT_LOC_STRINGS = YES;
				SWIFT_VERSION = 5.0;
				TARGETED_DEVICE_FAMILY = "1,2";
			};
			name = Release;
		};
/* End XCBuildConfiguration section */

/* Begin XCConfigurationList section */
		25C85DAE284C67FC001B9BCD /* Build configuration list for PBXProject "Tmdb" */ = {
			isa = XCConfigurationList;
			buildConfigurations = (
				25C85DBF284C67FE001B9BCD /* Debug */,
				25C85DC0284C67FE001B9BCD /* Release */,
			);
			defaultConfigurationIsVisible = 0;
			defaultConfigurationName = Release;
		};
		25C85DC1284C67FE001B9BCD /* Build configuration list for PBXNativeTarget "Tmdb" */ = {
			isa = XCConfigurationList;
			buildConfigurations = (
				25C85DC2284C67FE001B9BCD /* Debug */,
				25C85DC3284C67FE001B9BCD /* Release */,
			);
			defaultConfigurationIsVisible = 0;
			defaultConfigurationName = Release;
		};
/* End XCConfigurationList section */
	};
	rootObject = 25C85DAB284C67FC001B9BCD /* Project object */;
}
